
Microsoft Visual Studio Solution File, Format Version 12.00
# Visual Studio 15
VisualStudioVersion = 15.0.28307.645
MinimumVisualStudioVersion = 10.0.40219.1
Project("{FAE04EC0-301F-11D3-BF4B-00C04F79EFBC}") = "Ozoterija", "Ozoterija\Ozoterija.csproj", "{1E940989-A6E0-43CD-B55E-E7BD619DABB5}"
EndProject
Global
	GlobalSection(SolutionConfigurationPlatforms) = preSolution
		Debug|Any CPU = Debug|Any CPU
		Release|Any CPU = Release|Any CPU
	EndGlobalSection
	GlobalSection(ProjectConfigurationPlatforms) = postSolution
		{1E940989-A6E0-43CD-B55E-E7BD619DABB5}.Debug|Any CPU.ActiveCfg = Debug|Any CPU
		{1E940989-A6E0-43CD-B55E-E7BD619DABB5}.Debug|Any CPU.Build.0 = Debug|Any CPU
		{1E940989-A6E0-43CD-B55E-E7BD619DABB5}.Release|Any CPU.ActiveCfg = Release|Any CPU
		{1E940989-A6E0-43CD-B55E-E7BD619DABB5}.Release|Any CPU.Build.0 = Release|Any CPU
	EndGlobalSection
	GlobalSection(SolutionProperties) = preSolution
		HideSolutionNode = FALSE
	EndGlobalSection
	GlobalSection(ExtensibilityGlobals) = postSolution
		SolutionGuid = {C52D8A84-9AD4-429B-A2C3-DAA766AFB9E8}
	EndGlobalSection
EndGlobal
